{
    "_meta": {
        "hash": {
            "sha256": "d39b1d09be4c9d39e32cd2bbe7c4971527f1ace727426b7f4265c43c418b2119"
        },
        "pipfile-spec": 6,
        "requires": {
            "python_version": "2.7"
        },
        "sources": [
            {
                "name": "pypi",
                "url": "https://pypi.org/simple",
                "verify_ssl": true
            }
        ]
    },
    "default": {
        "backports.functools-lru-cache": {
            "hashes": [
                "sha256:9d98697f088eb1b0fa451391f91afb5e3ebde16bbdb272819fd091151fda4f1a",
                "sha256:f0b0e4eba956de51238e17573b7087e852dfe9854afd2e9c873f73fc0ca0a6dd"
            ],
            "version": "==1.5"
        },
        "biopython": {
            "hashes": [
                "sha256:0302d5be80850fbaa93789ab516d189c9400755901cfe566a324e8fea10ed39b",
                "sha256:0fa9346c8ec144da12a556861090cfe5fbb6ecd89418d6358047b90def48e032",
                "sha256:164b9958d1714f318015900f2689fcc08859f76b11484e8f91f1f29acb4b7465",
                "sha256:1c4b55412c12b246b948c3bbb30e60a7b075da9770449371a731ac9987849381",
                "sha256:21723d79a1d15e99c823b440dd37176259dffa686e2a015919ad255d89238491",
                "sha256:26f8ae8ddf06c85dab12f5aaff538593c7cec69102bb4ad968b3eb40a0477bf8",
                "sha256:3cc401c15a85829eb6ae01babb02fbe7828548709b4dcb6d5149e94d5173ed7c",
                "sha256:5542f847a860b90e742a1be8a9807aa57accacd2bccfb07b3f6511f85201af19",
                "sha256:59610b1639a7d9c1f36a5398e748c044c21f4285230fa79fcea2cafe835f9366",
                "sha256:70c5cc27dc61c23d18bb33b6d38d70edc4b926033aea3b7434737c731c94a5e0",
                "sha256:839882c1929476538f9872e7fe6617c6fbcd65989483254817effbc388feead1",
                "sha256:85d53b91406aacfef673fb3cf24873d978654fa49d52b5ab4d9c3b0d06b003d6",
                "sha256:92c0940c5c2a76b559538a4eb1fc0277d3e960209c537d5b74632fa87a51a810",
                "sha256:93d79520586b48a2a77bec3a0623871b656c45dbb83c9b6834540f0a7232478e",
                "sha256:99e6f78317c68b27a8b406c5595364005d43fee67f3b8ae20c3332588999442f",
                "sha256:a149ea816f21ef72e1b4e6f538b13141584bdc531f864c5f1eb8b8feed71ba06",
                "sha256:add575d5b81eec95381a53ca8c042e9de9e506b24734ec773690247d997eaa69",
                "sha256:aed261f47f72d63292fdf4c81197fdbc150094a34e10176647a932c83e179db9",
                "sha256:c43a47ad3397336aa7af5a0bb5ebec91aa2ae328b71421e550cf7e7f80d00f69",
                "sha256:c5beb53e2d5a5a573baaaa449a32d3adfb3d03bd7752adbcb20a62d6e8041e03",
                "sha256:cfb44ba6cdfb1dbfc05b7e46f26286b37d35b2bb847868c9088e9b67060fd7be",
                "sha256:d120346e2eed46beaf1d0771826a18cee7c3155cc8c0dafc6ffffc74ac49e8fc",
                "sha256:e5b5666724cab7983aebeb593e52dd276ff9fdabb3669d57db8b5ea303a097a5",
                "sha256:e7a03ae81b5507b3a668f81a58351c065fa6d8a0b77f772e183eb284c1cc4619",
                "sha256:ede4e4335828a780dc2096fd0443c45efb3f8fcac741e544454997b978ad3cf3",
                "sha256:ef69ed6acf7bee26c530e40a768d060f46eef228d06aa2ea89439d3c54759bd8",
                "sha256:f49558bea021cc5243e50efb38d545842153cde276e14879d6d63222065c683d",
                "sha256:fce8051b05d62d7d0ff7af0999f6874bd9af17f0613e6c8664ac20c93215345a"
            ],
            "index": "pypi",
            "version": "==1.73"
        },
        "cycler": {
            "hashes": [
                "sha256:1d8a5ae1ff6c5cf9b93e8811e581232ad8920aeec647c37316ceac982b08cb2d",
                "sha256:cd7b2d1018258d7247a71425e9f26463dfb444d411c39569972f4ce586b0c9d8"
            ],
            "version": "==0.10.0"
        },
        "cython": {
            "hashes": [
                "sha256:0154d3eead9432dfbef489fecf3a9d9202da0ab4966b796c319c4a3048ff2c03",
                "sha256:0355e23994919a6abfce3b9493062f69317f2057560bde694493fa18306b7824",
                "sha256:06c0c1332ce36bb6feb6c3590cd72c0b4fa59b34202b1975d484319595e2a548",
                "sha256:0970fc905136b520a7595e1d43ff465a8ab24103ac54da801f9bb25be940bb5b",
                "sha256:1242351548eeb2c99ca2958fa2eebae08fc361f30d56588ff4f28cdb63a440c1",
                "sha256:17a573b551aa34878eba7e0b34a774b18e4b2b35943b2e7d2ae0a31ac5446e39",
                "sha256:28025cd1d36df61257646d97325046ee894118e267a49d19fd321fbca413c3df",
                "sha256:37d1d560d49985b87629785cf9971add6dd621fc9db1505a5811dcb0feb34a94",
                "sha256:3f6ed611cf01e7bbd852bb4f77bea05f0fcca0556926aa0de21a20f719c4abc5",
                "sha256:5254de3aecc883d89243f37da74ceff70d9bf459b94ad816f889c794a51a3e76",
                "sha256:54484d6b3c102c1e52ebb5dbcee4b7b42efae96ac3d1a2e1d640acab8d7c6fbe",
                "sha256:6760738fab5d44e3615fb4c3a12dd5b766850e79dc1bd2ecb4c1df361871f1c3",
                "sha256:69c3cd2fe8c2db18a2042aaeb8b3bb0a9ea214c1612c8431fab0acb5ed434b07",
                "sha256:73d3e28f9fb445bf67cc753c826e63ce9c3308d62d7e642dfb8cc3556f3ac685",
                "sha256:74763f2ac133aabb1a8260ff00303571b91b7c866e0bbcd05159dc72a67f9911",
                "sha256:764049a11173b2039674879b1be0d73e2288af4fc1ad8177aa99cdc0de335b31",
                "sha256:9d5290d749099a8e446422adfb0aa2142c711284800fb1eb70f595101e32cbf1",
                "sha256:a12a83d72aa1298236b63c1d5e95de6230c634cc9c3eb06be51c67f88ccedd92",
                "sha256:aa83ce29f04c3d83d51863819281be8bf35d22ae1b8fba9a32cd8a84cd471998",
                "sha256:ab3d291304c4e4160276533d3e4e36380ba18dacf2c8d6573980f2ef168f3afb",
                "sha256:b1b4ffcb39e77e29862e23d3a25a7c307cac85c8d0654d51547059c053060fc5",
                "sha256:c0ef97e126831ec8ae616c5a4d9b321b6e792cf48a1bf473fd6555226c91839f",
                "sha256:c15c3fe45855d985922c0f74f8c282b126b3458d5662c4875ae0d088d12b7c3f",
                "sha256:cdafe6f7f7dd32ce79b9d5dade7045de7c89d747bce4804f41be84027dc23312",
                "sha256:d4d9a9531d3f5990f2f043288359c83527ab927ef4ad9c55a831166d68a53baa",
                "sha256:f5722b4eb8052405c314dfae8a1a6e27ee493d051354c53f1ceb8f4e1fd3f075",
                "sha256:f581171b9c3b4d5048ce64634b210bfccec06ef3a7422f1807a2a8de31a3c075",
                "sha256:f8971da715deda1670e2383185c0c2a1ea819fb17221953f4d0c20d0f14ef24d"
            ],
            "index": "pypi",
            "version": "==0.29.5"
        },
        "decorator": {
            "hashes": [
                "sha256:33cd704aea07b4c28b3eb2c97d288a06918275dac0ecebdaf1bc8a48d98adb9e",
                "sha256:cabb249f4710888a2fc0e13e9a16c343d932033718ff62e1e9bc93a9d3a9122b"
            ],
            "version": "==4.3.2"
        },
        "enum34": {
            "hashes": [
                "sha256:2d81cbbe0e73112bdfe6ef8576f2238f2ba27dd0d55752a776c41d38b7da2850",
                "sha256:644837f692e5f550741432dd3f223bbb9852018674981b1664e5dc339387588a",
                "sha256:6bd0f6ad48ec2aa117d3d141940d484deccda84d4fcd884f5c3d93c23ecd8c79",
                "sha256:8ad8c4783bf61ded74527bffb48ed9b54166685e4230386a9ed9b1279e2df5b1"
            ],
            "version": "==1.1.6"
        },
        "funcsigs": {
            "hashes": [
                "sha256:330cc27ccbf7f1e992e69fef78261dc7c6569012cf397db8d3de0234e6c937ca",
                "sha256:a7bb0f2cf3a3fd1ab2732cb49eba4252c2af4240442415b4abce3b87022a8f50"
            ],
            "version": "==1.0.2"
        },
        "kiwisolver": {
            "hashes": [
                "sha256:0ee4ed8b3ae8f5f712b0aa9ebd2858b5b232f1b9a96b0943dceb34df2a223bc3",
                "sha256:0f7f532f3c94e99545a29f4c3f05637f4d2713e7fd91b4dd8abfc18340b86cd5",
                "sha256:1a078f5dd7e99317098f0e0d490257fd0349d79363e8c923d5bb76428f318421",
                "sha256:1aa0b55a0eb1bd3fa82e704f44fb8f16e26702af1a073cc5030eea399e617b56",
                "sha256:2874060b91e131ceeff00574b7c2140749c9355817a4ed498e82a4ffa308ecbc",
                "sha256:379d97783ba8d2934d52221c833407f20ca287b36d949b4bba6c75274bcf6363",
                "sha256:3b791ddf2aefc56382aadc26ea5b352e86a2921e4e85c31c1f770f527eb06ce4",
                "sha256:4329008a167fac233e398e8a600d1b91539dc33c5a3eadee84c0d4b04d4494fa",
                "sha256:45813e0873bbb679334a161b28cb9606d9665e70561fd6caa8863e279b5e464b",
                "sha256:53a5b27e6b5717bdc0125338a822605084054c80f382051fb945d2c0e6899a20",
                "sha256:574f24b9805cb1c72d02b9f7749aa0cc0b81aa82571be5201aa1453190390ae5",
                "sha256:66f82819ff47fa67a11540da96966fb9245504b7f496034f534b81cacf333861",
                "sha256:79e5fe3ccd5144ae80777e12973027bd2f4f5e3ae8eb286cabe787bed9780138",
                "sha256:83410258eb886f3456714eea4d4304db3a1fc8624623fc3f38a487ab36c0f653",
                "sha256:8b6a7b596ce1d2a6d93c3562f1178ebd3b7bb445b3b0dd33b09f9255e312a965",
                "sha256:9576cb63897fbfa69df60f994082c3f4b8e6adb49cccb60efb2a80a208e6f996",
                "sha256:95a25d9f3449046ecbe9065be8f8380c03c56081bc5d41fe0fb964aaa30b2195",
                "sha256:a424f048bebc4476620e77f3e4d1f282920cef9bc376ba16d0b8fe97eec87cde",
                "sha256:aaec1cfd94f4f3e9a25e144d5b0ed1eb8a9596ec36d7318a504d813412563a85",
                "sha256:acb673eecbae089ea3be3dcf75bfe45fc8d4dcdc951e27d8691887963cf421c7",
                "sha256:b15bc8d2c2848a4a7c04f76c9b3dc3561e95d4dabc6b4f24bfabe5fd81a0b14f",
                "sha256:b1c240d565e977d80c0083404c01e4d59c5772c977fae2c483f100567f50847b",
                "sha256:c595693de998461bcd49b8d20568c8870b3209b8ea323b2a7b0ea86d85864694",
                "sha256:ce3be5d520b4d2c3e5eeb4cd2ef62b9b9ab8ac6b6fedbaa0e39cdb6f50644278",
                "sha256:e0f910f84b35c36a3513b96d816e6442ae138862257ae18a0019d2fc67b041dc",
                "sha256:ea36e19ac0a483eea239320aef0bd40702404ff8c7e42179a2d9d36c5afcb55c",
                "sha256:efabbcd4f406b532206b8801058c8bab9e79645b9880329253ae3322b7b02cd5",
                "sha256:f923406e6b32c86309261b8195e24e18b6a8801df0cfc7814ac44017bfcb3939"
            ],
            "version": "==1.0.1"
        },
        "lap": {
            "hashes": [
                "sha256:c4dad9976f0e9f276d8a676a6d03632c3cb7ab7c80142e3b27303d49f0ed0e3b"
            ],
            "index": "pypi",
            "version": "==0.4.0"
        },
        "llvmlite": {
            "hashes": [
                "sha256:0db9440d163cd63eb6d94213e33e7134bd015c3d4fb2ba92b70d42527ea8f30b",
                "sha256:0dcdabadd686b650072090fc5fe925dfcfaf1d451c801b38fc6beefc7ec0761c",
                "sha256:32615100c7c9f3101d2608fab5c85afa559406f44bede135d450d3b79f28cf0e",
                "sha256:3ff0024df6816404824a2a7f45b3849b8868005522571c4615f02c0e26336e20",
                "sha256:43aafc62a415d293fa2629b7fb2b114167b877dd1a4b00e9942c5b232a529bc9",
                "sha256:47bf2d974ef95aa36d3c06b9676fca576ce1b0ec6d772c38fc73ffc3155249d8",
                "sha256:5d79c2f118834b72f8d0dd918be311ecd8cac4dee69a07316e214cadea9d2fc6",
                "sha256:5ff86f4b61af73ef1a23748f3c730dd8307487ca4acd6c1e0509164c77a42095",
                "sha256:7d6c818d63ea291e3004c16ffddf252fd316d1593f1f37f49234ab7a5f228117",
                "sha256:822eedc77c90a95f375a8ad61757bf341be81a499003433615f73319ec7b8f6e",
                "sha256:8b18e9d8ef2ba0213e45ded927e81ff9a7776f15f7075e4084d76cfd55d60dea",
                "sha256:96ebb264f386b087b2f860b83937828bccf3689b6e09a76f62de8a5b181d4e15",
                "sha256:a1ec464c712182b57eb4181ba921b01f53dba0b5e64c95888c64c28ab9079c71",
                "sha256:a56788241d45913059ea954b3a442d56cc2511906d150aaf15c21e84494a1ae0",
                "sha256:a5e45723b42a2318be243399816a6f3d1848474579a01124b07661280c131e9f",
                "sha256:cdc0c7441a46e49c0e68ec9ca247d2f140863bc63f5992900137ce1aca5a63e1",
                "sha256:d07b0caa5c79b36de6d28dadd0364434e360e2e97cc02d6ad0ca60e54b8f89f0",
                "sha256:d85b50eb86b16f0f2232277edae3d520e22bc15f141c0cab41aede24a5ab63f7",
                "sha256:fad96e1c91c82f0541a636b2918379009a79ea549218c32591222b1719e75aaf",
                "sha256:fcef99dd51219f6732b792f9fec0f99cea2241dc36ba56d33f7e1500e2c893f4",
                "sha256:fe5b97ace13056ac1640204eaf1585ab35b14975b4257395433aed50f16cfd9f"
            ],
            "index": "pypi",
            "version": "==0.27.0"
        },
        "matplotlib": {
            "hashes": [
                "sha256:0ba8e3ec1b0feddc6b068fe70dc38dcf2917e301ad8d2b3f848c14ad463a4157",
                "sha256:10a48e33e64dbd95f0776ba162f379c5cc55301c2d155506e79ce0c26b52f2ce",
                "sha256:1376535fe731adbba55ab9e48896de226b7e89dbb55390c5fbd8f7161b7ae3be",
                "sha256:16f0f8ba22df1e2c9f06c87088de45742322fde282a93b5c744c0f969cf7932e",
                "sha256:1c6c999f2212858021329537f8e0f98f3f29086ec3683511dd1ecec84409f51d",
                "sha256:2316dc177fc7b3d8848b49365498de0c385b4c9bba511edddd24c34fbe3d37a4",
                "sha256:3398bfb533482bf21974cecf28224dd23784ad4e4848be582903f7a2436ec12e",
                "sha256:3477cb1e1061b34210acc43d20050be8444478ff50b8adfac5fe2b45fc97df01",
                "sha256:3cc06333b8264428d02231804e2e726b902e9161dc16f573183dee6cb7ef621f",
                "sha256:4259ea7cb2c238355ee13275eddd261d869cefbdeb18a65f35459589d6d17def",
                "sha256:4addcf93234b6122f530f90f485fd3d00d158911fbc1ed24db3fa66cd49fe565",
                "sha256:50c0e24bcbce9c54346f4a2f4e97b0ed111f0413ac3fe9954061ae1c8aa7021f",
                "sha256:62ed7597d9e54db6e133420d779c642503c25eba390e1178d85dfb2ba0d05948",
                "sha256:69f6d51e41a17f6a5f70c56bb10b8ded9f299609204495a7fa2782a3a755ffc5",
                "sha256:6d232e49b74e3d2db22c63c25a9a0166d965e87e2b057f795487f1f244b61d9d",
                "sha256:7355bf757ecacd5f0ac9dd9523c8e1a1103faadf8d33c22664178e17533f8ce5",
                "sha256:886b1045c5105631f10c1cbc999f910e44d33af3e9c7efd68c2123efc06ab636",
                "sha256:9e1f353edd7fc7e5e9101abd5bc0201946f77a1b59e0da49095086c03db856ed",
                "sha256:b3a343dfcbe296dbe0f26c731beee72a792ff948407e6979524298ae7bc3234e",
                "sha256:d93675af09ca497a25f4f8d62f3313cf0f21e45427a87487049fe84898b99909",
                "sha256:e2409ef9d37804dfb566f39c962e6ed70f281ff516b8131b3e6b4e6442711ff1",
                "sha256:f8b653b0f89938ba72e92ab080c2f3aa24c1b72e2f61add22880cd1b9a6e3cdd"
            ],
            "index": "pypi",
            "version": "==2.2.3"
        },
        "networkx": {
            "hashes": [
                "sha256:0d0e70e10dfb47601cbb3425a00e03e2a2e97477be6f80638fef91d54dd1e4b8",
                "sha256:1b229b54fe9ccb009cee4de02a88552191497a542a7d5d34adab216b9f15c1ff",
                "sha256:b3e0144d5fe6b7479b694e1b598a5545a38f3fc6f1e3c09173eb30f0c7a5770e"
            ],
            "index": "pypi",
            "version": "==1.11"
        },
        "numba": {
            "hashes": [
                "sha256:156286463b4ca43f0daa15bfd7208c9feb09a59f43ceae2ae7efe12fe0065d1a",
                "sha256:199cb72bf3f8ffdd88ef14b8f5dfe8e9f54e67ca20e82d7ca553ab83738a41ad",
                "sha256:2732329d8a748f55243461d6fa7573d42bfa2f1662eb4d84d505549949bd7c47",
                "sha256:2953ee02285a50fc558c3a92573e984b47b01a8efde57bd195b14d6193264d99",
                "sha256:2eb83518072012719c9f566895f33e0b569ca7a2006ceca345f8460e942745fd",
                "sha256:2ecffc1eef16c0597325c7d70e1962f4d141373e1c723de58a44d0e101e317c5",
                "sha256:3de1dd3134d0b4c352b04362ab2c5e8ecb314b7ff6b2256266548402ba6b380f",
                "sha256:4025a492c333fb418d02c67ad6f99d970a50c69c49da5eeeb025684bbdf42f79",
                "sha256:408c949db177172341020b5fc46bf3c08a286f787d2777a9b96a838e988e66d0",
                "sha256:62ecaa1362ff54d81766d2476c1a17a958a4878a40ad05cbeea4c0eaff8f9cb0",
                "sha256:650947dc59c5e36b2a1cf05a3ff227b2cb90165e43e07189408b5609117ba065",
                "sha256:6854a6a5411018b713e41e9332ec0d20c931011656f83e88352f7b7099c71a0c",
                "sha256:94115b04dd2a1ff8f1dabf5c389757056725ac03e294167026f736d97a19fcd4",
                "sha256:a04696f35841e8c91ee0c0b266cdd3953f095bd32384c3628e4641e42167ead3",
                "sha256:ae3bcba0cc0f51685dffb6746d5b05af289144c785763688e1b3cafc9bdfef62",
                "sha256:df1c0ad7a35bf803ca918794e930024db5ddce453a4583e9412260701c6cbadd",
                "sha256:ee1ea6bc342f098d3557b6c81828c82cd86fb54ed187f29e8e9317d42b1f825f",
                "sha256:f018851c0dceddc3685a622a1c12737ba5a0e45a3e179cb02a310fe09676f547",
                "sha256:f853877cbd0e47d4028186fda2af263a85cce1ee1fb5a63019c46c478dddb0d1",
                "sha256:fe8e87d96ebe360a8beff92520002d870159f87120a8db818cc8b1fda4756bcb",
                "sha256:ffd1c19787179ef8006d9fbcbb84c15d1c7bc0f99de2797be7b6ebfbfebd7791"
            ],
            "index": "pypi",
            "version": "==0.42.0"
        },
        "numpy": {
            "hashes": [
                "sha256:057ca467673a4b0422a9365ea0b53572813764f60896d3d1423f5cc9d2dd0d02",
                "sha256:0e7c5e5358be186e0d6c73a9b34e1b890602ac1db413adc61794e2e3e02ec65c",
                "sha256:1250edf6f6c43e1d7823f0967416bc18258bb271dc536298eb0ea00a9e45b80a",
                "sha256:1454aca5a62fe18bb2828ea1b2f9d1534afed7216c13404a6657cda57937c54b",
                "sha256:1718e009ac6699868c82c4ed154e64945479f5c3d8826b2e10c470e9fad7bd18",
                "sha256:1b07024c4d87bf7a0738c438aa7fb709f9d7c093513bb8ffb2ac849f4553658c",
                "sha256:33acfba9f453b0b6465c0aa5fe5cb0d32b8483850bc8cc776b4d3cc96595aa03",
                "sha256:35be3f06ad20030bfba9ae199fa5d5474aebeabb3197d2ce9fcd8c417f7415e3",
                "sha256:40f9c0ae71453e4d28d40e502e531e72810bf3b12b2d55cad939ab86a26ead42",
                "sha256:4ab59a69a627ee73a2723b60723abfe0404947c16acef7b0880d6bbec93ba7cd",
                "sha256:4c774c852cad87f692e6b3e374ba7074c7a9897cf4bafcc47ad48142d455f3ae",
                "sha256:4e2f4c7031507b23b14056a4bc2b4cbe865607f55b45bfc15cc745a268bc817e",
                "sha256:686869ff6adc49b3066fdb44198c0655603b33e2c4d852a04c6a84cd8b224786",
                "sha256:6d3e10394dada2cdf8ba354025ddf15a744b4e833c77347e31547c4b5c77deab",
                "sha256:6eb031402a278a6fa5838e543cf36ed6d21a6ee90e9a2803570d47908ca5e9fd",
                "sha256:6f2a52bb05c560fd6f29d7b49dfe8b4d7c5445c448e5587969446a0f10cf9164",
                "sha256:7ce70ef6fd9bdfafd896c617761129fafaa06e4683d0bfbf3c56a87c89e02d61",
                "sha256:964c2c6a9e0ecac54a368effa26a89a97b2e15266dc68dc78f2519f3040be623",
                "sha256:a1cafe27328c1f01127297f11e2be25d5d3821d2654a7459e017cfce98258995",
                "sha256:bd6b3906a50f9ad755e2c21a78661eff1bbaab3c803c0fcf22927ec50372dba6",
                "sha256:d37f058ea9a2fd2a9160b0cc65bbfb302dfcea8d5fe178299938d95d7bfa2b83",
                "sha256:d3f22c0781ad5fe51d7210f36a91f01620355520996fc332a1d0cf24e0cab794",
                "sha256:db10d3d10658a847f85fe9df0d5fe6df190a30d32423d670c3824580e373c0a8",
                "sha256:df2937c62d8d3059c1396c7cacfc12577c0923e2a37557592759358848b1544c",
                "sha256:e11e5eba43e0d8b077aafa11e43db7a77af4fa435557972dd3570898e0cbb736",
                "sha256:e5daec856ea0e1111391179449b855aa29f1433ac507adc3d6c00a96abb438cb",
                "sha256:f1dd9a8ecbe9f8f13652afe04c470bb837578e402a3641649ddc41764d0e4326",
                "sha256:fe909f8d14b2f16ea5d9ec2234fc0ffbfccccaef1ba6bc27d9d21acfe8cc72e1"
            ],
            "index": "pypi",
            "version": "==1.14.6"
        },
        "pandas": {
            "hashes": [
                "sha256:02c830f951f3dc8c3164e2639a8961881390f7492f71a7835c2330f54539ad57",
                "sha256:179015834c72a577486337394493cc2969feee9a04a2ea09f50c724e4b52ab42",
                "sha256:3894960d43c64cfea5142ac783b101362f5008ee92e962392156a3f8d1558995",
                "sha256:435821cb2501eabbcee7e83614bd710940dc0cf28b5afbc4bdb816c31cec71af",
                "sha256:8294dea9aa1811f93558702856e3b68dd1dfd7e9dbc8e0865918a07ee0f21c2c",
                "sha256:844e745ab27a9a01c86925fe776f9d2e09575e65f0bf8eba5090edddd655dffc",
                "sha256:a08d49f5fa2a2243262fe5581cb89f6c0c7cc525b8d6411719ab9400a9dc4a82",
                "sha256:a435c251246075337eb9fdc4160fd15c8a87cc0679d8d61fb5255d8d5a12f044",
                "sha256:a799f03c0ec6d8687f425d7d6c075e8055a9a808f1ba87604d91f20507631d8d",
                "sha256:aea72ce5b3a016b578cc05c04a2f68d9cafacf5d784b6fe832e66381cb62c719",
                "sha256:c145e94c6da2af7eaf1fd827293ac1090a61a9b80150bebe99f8966a02378db9",
                "sha256:c8a7b470c88c779301b73b23cabdbbd94b83b93040b2ccffa409e06df23831c0",
                "sha256:c9e31b36abbd7b94c547d9047f13e1546e3ba967044cf4f9718575fcb7b81bb6",
                "sha256:d960b7a03c33c328c723cfc2f8902a6291645f4efa0a5c1d4c5fa008cdc1ea77",
                "sha256:da21fae4c173781b012217c9444f13c67449957a4d45184a9718268732c09564",
                "sha256:db26c0fea0bd7d33c356da98bafd2c0dfb8f338e45e2824ff8f4f3e61b5c5f25",
                "sha256:dc296c3f16ec620cfb4daf0f672e3c90f3920ece8261b2760cd0ebd9cd4daa55",
                "sha256:e8da67cb2e9333ec30d53cfb96e27a4865d1648688e5471699070d35d8ab38cf",
                "sha256:fb4f047a63f91f22aade4438aaf790400b96644e802daab4293e9b799802f93f",
                "sha256:fef9939176cba0c2526ebeefffb8b9807543dc0954877b7226f751ec1294a869"
            ],
            "version": "==0.24.1"
        },
        "polo": {
            "editable": true,
            "git": "https://github.com/adrianveres/polo",
            "ref": "7c1fe6893d4874a0097f10c42f4a86c5ca77388e"
        },
        "pyparsing": {
            "hashes": [
                "sha256:66c9268862641abcac4a96ba74506e594c884e3f57690a696d21ad8210ed667a",
                "sha256:f6c5ef0d7480ad048c054c37632c67fca55299990fff127850181659eea33fc3"
            ],
            "version": "==2.3.1"
        },
        "pysam": {
            "hashes": [
                "sha256:0f063380ebd727f58483b256fe21d90358527fbdf48b925ae2680cc1f2c553ae",
                "sha256:1e0a6abf4fe0d3934fee8d662f6fda28e466b60209b5b1fd41070e1ccfbe87f2",
                "sha256:236ae950c0194037ac3e8a11fa7bda6b46db17ee3f86e1111775ed4b9cdaf95b",
                "sha256:34dd4cf08cbdea1329a140f5446c319992460d400b9851c0cb5607f3c58ad256",
                "sha256:975fbd395b5c4d360be5fde2e34d418c64718ba732ae5b2bfb712e6cefa750d5",
                "sha256:d049efd91ed5b1af515aa30280bc9cb46a92ddd15d546c9b21ee68a6ed4055d9",
                "sha256:e8166058e01d5b7fd2d82c5fee29f9c22e6016091b8c397cc029f7cc2f2f61ff"
            ],
            "index": "pypi",
            "version": "==0.15.2"
        },
        "python-dateutil": {
            "hashes": [
                "sha256:7e6584c74aeed623791615e26efd690f29817a27c73085b78e4bad02493df2fb",
                "sha256:c89805f6f4d64db21ed966fda138f8a5ed7a4fdbc1a8ee329ce1b74e3c74da9e"
            ],
            "version": "==2.8.0"
        },
        "python-louvain": {
            "hashes": [
                "sha256:b4938f20063bc53e68d5b182dcea0634dfb63a0e3489f929d4083c24a920b2fe"
            ],
            "index": "pypi",
            "version": "==0.13"
        },
        "pytz": {
            "hashes": [
                "sha256:32b0891edff07e28efe91284ed9c31e123d84bea3fd98e1f72be2508f43ef8d9",
                "sha256:d5f05e487007e29e03409f9398d074e158d920d36eb82eaf66fb1136b0c5374c"
            ],
            "version": "==2018.9"
        },
        "pyyaml": {
            "hashes": [
                "sha256:3d7da3009c0f3e783b2c873687652d83b1bbfd5c88e9813fb7e5b03c0dd3108b",
                "sha256:3ef3092145e9b70e3ddd2c7ad59bdd0252a94dfe3949721633e41344de00a6bf",
                "sha256:40c71b8e076d0550b2e6380bada1f1cd1017b882f7e16f09a65be98e017f211a",
                "sha256:558dd60b890ba8fd982e05941927a3911dc409a63dcb8b634feaa0cda69330d3",
                "sha256:a7c28b45d9f99102fa092bb213aa12e0aaf9a6a1f5e395d36166639c1f96c3a1",
                "sha256:aa7dd4a6a427aed7df6fb7f08a580d68d9b118d90310374716ae90b710280af1",
                "sha256:bc558586e6045763782014934bfaf39d48b8ae85a2713117d16c39864085c613",
                "sha256:d46d7982b62e0729ad0175a9bc7e10a566fc07b224d2c79fafb5e032727eaa04",
                "sha256:d5eef459e30b09f5a098b9cea68bebfeb268697f78d647bd255a085371ac7f3f",
                "sha256:e01d3203230e1786cd91ccfdc8f8454c8069c91bee3962ad93b87a4b2860f537",
                "sha256:e170a9e6fcfd19021dd29845af83bb79236068bf5fd4df3327c1be18182b2531"
            ],
            "index": "pypi",
            "version": "==3.13"
        },
        "scipy": {
            "hashes": [
                "sha256:014cb900c003b5ac81a53f2403294e8ecf37aedc315b59a6b9370dce0aa7627a",
                "sha256:281a34da34a5e0de42d26aed692ab710141cad9d5d218b20643a9cb538ace976",
                "sha256:588f9cc4bfab04c45fbd19c1354b5ade377a8124d6151d511c83730a9b6b2338",
                "sha256:5a10661accd36b6e2e8855addcf3d675d6222006a15795420a39c040362def66",
                "sha256:628f60be272512ca1123524969649a8cb5ae8b31cca349f7c6f8903daf9034d7",
                "sha256:6dcc43a88e25b815c2dea1c6fac7339779fc988f5df8396e1de01610604a7c38",
                "sha256:70e37cec0ac0fe95c85b74ca4e0620169590fd5d3f44765f3c3a532cedb0e5fd",
                "sha256:7274735fb6fb5d67d3789ddec2cd53ed6362539b41aa6cc0d33a06c003aaa390",
                "sha256:78e12972e144da47326958ac40c2bd1c1cca908edc8b01c26a36f9ffd3dce466",
                "sha256:790cbd3c8d09f3a6d9c47c4558841e25bac34eb7a0864a9def8f26be0b8706af",
                "sha256:79792c8fe8e9d06ebc50fe23266522c8c89f20aa94ac8e80472917ecdce1e5ba",
                "sha256:865afedf35aaef6df6344bee0de391ee5e99d6e802950a237f9fb9b13e441f91",
                "sha256:870fd401ec7b64a895cff8e206ee16569158db00254b2f7157b4c9a5db72c722",
                "sha256:963815c226b29b0176d5e3d37fc9de46e2778ce4636a5a7af11a48122ef2577c",
                "sha256:9726791484f08e394af0b59eb80489ad94d0a53bbb58ab1837dcad4d58489863",
                "sha256:9de84a71bb7979aa8c089c4fb0ea0e2ed3917df3fb2a287a41aaea54bbad7f5d",
                "sha256:b2c324ddc5d6dbd3f13680ad16a29425841876a84a1de23a984236d1afff4fa6",
                "sha256:b86ae13c597fca087cb8c193870507c8916cefb21e52e1897da320b5a35075e5",
                "sha256:ba0488d4dbba2af5bf9596b849873102d612e49a118c512d9d302ceafa36e01a",
                "sha256:d78702af4102a3a4e23bb7372cec283e78f32f5573d92091aa6aaba870370fe1",
                "sha256:def0e5d681dd3eb562b059d355ae8bebe27f5cc455ab7c2b6655586b63d3a8ea",
                "sha256:e085d1babcb419bbe58e2e805ac61924dac4ca45a07c9fa081144739e500aa3c",
                "sha256:e2cfcbab37c082a5087aba5ff00209999053260441caadd4f0e8f4c2d6b72088",
                "sha256:e742f1f5dcaf222e8471c37ee3d1fd561568a16bb52e031c25674ff1cf9702d5",
                "sha256:f06819b028b8ef9010281e74c59cb35483933583043091ed6b261bb1540f11cc",
                "sha256:f15f2d60a11c306de7700ee9f65df7e9e463848dbea9c8051e293b704038da60",
                "sha256:f31338ee269d201abe76083a990905473987371ff6f3fdb76a3f9073a361cf37",
                "sha256:f6b88c8d302c3dac8dff7766955e38d670c82e0d79edfc7eae47d6bb2c186594"
            ],
            "index": "pypi",
            "version": "==1.2.1"
        },
        "seaborn": {
            "hashes": [
                "sha256:42e627b24e849c2d3bbfd059e00005f6afbc4a76e4895baf44ae23fe8a4b09a5",
                "sha256:76c83f794ca320fb6b23a7c6192d5e185a5fcf4758966a0c0a54baee46d41e2f"
            ],
            "index": "pypi",
            "version": "==0.9.0"
        },
        "singledispatch": {
            "hashes": [
                "sha256:5b06af87df13818d14f08a028e42f566640aef80805c3b50c5056b086e3c2b9c",
                "sha256:833b46966687b3de7f438c761ac475213e53b306740f1abfaa86e1d1aae56aa8"
            ],
            "version": "==3.4.0.3"
        },
        "six": {
            "hashes": [
                "sha256:3350809f0555b11f552448330d0b52d5f24c91a322ea4a15ef22629740f3761c",
                "sha256:d16a0141ec1a18405cd4ce8b4613101da75da0e9a7aec5bdd4fa804d0e0eba73"
            ],
            "version": "==1.12.0"
        },
        "sparse": {
            "hashes": [
                "sha256:2ac6fcbf68b38b999eae98467cf4880b942c13a72036868f78d65a10aeba808d",
                "sha256:987538ad9462b42dcba61d52b5bc497416eb92a995bc6b5bde3dfe9329cd133c"
            ],
            "index": "pypi",
            "version": "==0.6.0"
        },
        "subprocess32": {
            "hashes": [
                "sha256:24a7f627ef7a5695138601b665057ad131fa26e80d49d5ffa6b4fdb2357a80d3",
                "sha256:6bc82992316eef3ccff319b5033809801c0c3372709c5f6985299c88ac7225c3"
            ],
            "version": "==3.5.3"
        },
        "tqdm": {
            "hashes": [
                "sha256:d385c95361699e5cf7622485d9b9eae2d4864b21cd5a2374a9c381ffed701021",
                "sha256:e22977e3ebe961f72362f6ddfb9197cc531c9737aaf5f607ef09740c849ecd05"
            ],
            "index": "pypi",
            "version": "==4.31.1"
        },
        "typing": {
            "hashes": [
                "sha256:4027c5f6127a6267a435201981ba156de91ad0d1d98e9ddc2aa173453453492d",
                "sha256:57dcf675a99b74d64dacf6fba08fb17cf7e3d5fdff53d4a30ea2a5e7e52543d4",
                "sha256:a4c8473ce11a65999c8f59cb093e70686b6c84c98df58c1dae9b3b196089858a"
            ],
            "index": "pypi",
            "version": "==3.6.6"
        }
    },
    "develop": {}
}
